Microsoft Visual Studio Solution File, Format Version 10.00
# Visual Studio 2008
Project("{FAE04EC0-301F-11D3-BF4B-00C04F79EFBC}") = "TerraView", "TerraView.csproj", "{381BD35D-679C-4324-B44A-F95C02AB53DF}"
EndProject
Project("{54435603-DBB4-11D2-8724-00A0C9A8B90C}") = "TerraViewInstaller", "..\TerraViewInstaller\TerraViewInstaller.vdproj", "{E231C52F-E3F4-44BD-8129-76E18CE3ED3C}"
EndProject
Global
	GlobalSection(SubversionScc) = preSolution
		Svn-Managed = True
		Manager = AnkhSVN - Subversion Support for Visual Studio
	EndGlobalSection
	GlobalSection(SolutionConfigurationPlatforms) = preSolution
		Debug|Any CPU = Debug|Any CPU
		Release|Any CPU = Release|Any CPU
	EndGlobalSection
	GlobalSection(ProjectConfigurationPlatforms) = postSolution
		{381BD35D-679C-4324-B44A-F95C02AB53DF}.Debug|Any CPU.ActiveCfg = Debug|Any CPU
		{381BD35D-679C-4324-B44A-F95C02AB53DF}.Debug|Any CPU.Build.0 = Debug|Any CPU
		{381BD35D-679C-4324-B44A-F95C02AB53DF}.Release|Any CPU.ActiveCfg = Release|Any CPU
		{381BD35D-679C-4324-B44A-F95C02AB53DF}.Release|Any CPU.Build.0 = Release|Any CPU
		{E231C52F-E3F4-44BD-8129-76E18CE3ED3C}.Debug|Any CPU.ActiveCfg = Debug
		{E231C52F-E3F4-44BD-8129-76E18CE3ED3C}.Release|Any CPU.ActiveCfg = Release
	EndGlobalSection
	GlobalSection(SolutionProperties) = preSolution
		HideSolutionNode = FALSE
	EndGlobalSection
EndGlobal
