
Microsoft Visual Studio Solution File, Format Version 10.00
# Visual Studio 2008
Project("{FAE04EC0-301F-11D3-BF4B-00C04F79EFBC}") = "WindowsPerformanceReview", "WindowsPerformanceReview\WindowsPerformanceReview.csproj", "{A3D42B99-CDF5-4B20-8E2F-9C801B3700BA}"
EndProject
Project("{FAE04EC0-301F-11D3-BF4B-00C04F79EFBC}") = "WindowsPerformanceViewer", "WindowsPerformanceViewer\WindowsPerformanceViewer.csproj", "{38EECC72-2237-46A5-A3A1-B97FB7ED6BCE}"
EndProject
Project("{2150E333-8FDC-42A3-9474-1A3956D46DE8}") = "Solution Items", "Solution Items", "{8A65E7E7-8802-4AA1-9AED-42C7A5374FA1}"
	ProjectSection(SolutionItems) = preProject
		README.txt = README.txt
		WindowsPerformanceReview.BootTime.csv = WindowsPerformanceReview.BootTime.csv
		WindowsPerformanceReview.txt = WindowsPerformanceReview.txt
	EndProjectSection
EndProject
Global
	GlobalSection(SubversionScc) = preSolution
		Svn-Managed = True
		Manager = AnkhSVN - Subversion Support for Visual Studio
	EndGlobalSection
	GlobalSection(SolutionConfigurationPlatforms) = preSolution
		Debug|Any CPU = Debug|Any CPU
		Release|Any CPU = Release|Any CPU
	EndGlobalSection
	GlobalSection(ProjectConfigurationPlatforms) = postSolution
		{A3D42B99-CDF5-4B20-8E2F-9C801B3700BA}.Debug|Any CPU.ActiveCfg = Debug|Any CPU
		{A3D42B99-CDF5-4B20-8E2F-9C801B3700BA}.Debug|Any CPU.Build.0 = Debug|Any CPU
		{A3D42B99-CDF5-4B20-8E2F-9C801B3700BA}.Release|Any CPU.ActiveCfg = Release|Any CPU
		{A3D42B99-CDF5-4B20-8E2F-9C801B3700BA}.Release|Any CPU.Build.0 = Release|Any CPU
		{38EECC72-2237-46A5-A3A1-B97FB7ED6BCE}.Debug|Any CPU.ActiveCfg = Debug|Any CPU
		{38EECC72-2237-46A5-A3A1-B97FB7ED6BCE}.Debug|Any CPU.Build.0 = Debug|Any CPU
		{38EECC72-2237-46A5-A3A1-B97FB7ED6BCE}.Release|Any CPU.ActiveCfg = Release|Any CPU
		{38EECC72-2237-46A5-A3A1-B97FB7ED6BCE}.Release|Any CPU.Build.0 = Release|Any CPU
	EndGlobalSection
	GlobalSection(SolutionProperties) = preSolution
		HideSolutionNode = FALSE
	EndGlobalSection
EndGlobal
